
Microsoft Visual Studio Solution File, Format Version 12.00
# Visual Studio 14
VisualStudioVersion = 14.0.25420.1
MinimumVisualStudioVersion = 10.0.40219.1
Project("{8BC9CEB8-8B4A-11D0-8D11-00A0C91BC942}") = "OpenGLAtWork", "OpenGLAtWork\OpenGLAtWork.vcxproj", "{61E7F648-65BC-4DAF-A1FA-6193A170DA75}"
EndProject
Project("{8BC9CEB8-8B4A-11D0-8D11-00A0C91BC942}") = "Terrain101", "Terrain101\Terrain101.vcxproj", "{1030A0B2-C3A9-4D01-BE83-F26F2BA44C24}"
EndProject
Project("{8BC9CEB8-8B4A-11D0-8D11-00A0C91BC942}") = "Utility", "Utility\Utility.vcxproj", "{98B09A47-2E99-4CC7-8AE7-1BAD22F861A5}"
EndProject
Project("{8BC9CEB8-8B4A-11D0-8D11-00A0C91BC942}") = "Shader", "Shader\Shader.vcxproj", "{D0397DFC-578D-4DD0-9F18-BFC36920C596}"
EndProject
Project("{8BC9CEB8-8B4A-11D0-8D11-00A0C91BC942}") = "PointCloud", "Test\Test.vcxproj", "{A97B337B-87AF-45EF-A600-3949CDBBE5DB}"
EndProject
Project("{8BC9CEB8-8B4A-11D0-8D11-00A0C91BC942}") = "Template", "Template\Template.vcxproj", "{4488E276-A794-45C7-B7E6-2E30076BDDD0}"
EndProject
Global
	GlobalSection(SolutionConfigurationPlatforms) = preSolution
		Debug|ARM = Debug|ARM
		Debug|x64 = Debug|x64
		Debug|x86 = Debug|x86
		Release|ARM = Release|ARM
		Release|x64 = Release|x64
		Release|x86 = Release|x86
	EndGlobalSection
	GlobalSection(ProjectConfigurationPlatforms) = postSolution
		{61E7F648-65BC-4DAF-A1FA-6193A170DA75}.Debug|ARM.ActiveCfg = Debug|Win32
		{61E7F648-65BC-4DAF-A1FA-6193A170DA75}.Debug|x64.ActiveCfg = Debug|x64
		{61E7F648-65BC-4DAF-A1FA-6193A170DA75}.Debug|x64.Build.0 = Debug|x64
		{61E7F648-65BC-4DAF-A1FA-6193A170DA75}.Debug|x86.ActiveCfg = Debug|Win32
		{61E7F648-65BC-4DAF-A1FA-6193A170DA75}.Debug|x86.Build.0 = Debug|Win32
		{61E7F648-65BC-4DAF-A1FA-6193A170DA75}.Release|ARM.ActiveCfg = Release|Win32
		{61E7F648-65BC-4DAF-A1FA-6193A170DA75}.Release|x64.ActiveCfg = Release|x64
		{61E7F648-65BC-4DAF-A1FA-6193A170DA75}.Release|x64.Build.0 = Release|x64
		{61E7F648-65BC-4DAF-A1FA-6193A170DA75}.Release|x86.ActiveCfg = Release|Win32
		{61E7F648-65BC-4DAF-A1FA-6193A170DA75}.Release|x86.Build.0 = Release|Win32
		{1030A0B2-C3A9-4D01-BE83-F26F2BA44C24}.Debug|ARM.ActiveCfg = Debug|Win32
		{1030A0B2-C3A9-4D01-BE83-F26F2BA44C24}.Debug|x64.ActiveCfg = Debug|x64
		{1030A0B2-C3A9-4D01-BE83-F26F2BA44C24}.Debug|x64.Build.0 = Debug|x64
		{1030A0B2-C3A9-4D01-BE83-F26F2BA44C24}.Debug|x86.ActiveCfg = Debug|Win32
		{1030A0B2-C3A9-4D01-BE83-F26F2BA44C24}.Debug|x86.Build.0 = Debug|Win32
		{1030A0B2-C3A9-4D01-BE83-F26F2BA44C24}.Release|ARM.ActiveCfg = Release|Win32
		{1030A0B2-C3A9-4D01-BE83-F26F2BA44C24}.Release|x64.ActiveCfg = Release|x64
		{1030A0B2-C3A9-4D01-BE83-F26F2BA44C24}.Release|x64.Build.0 = Release|x64
		{1030A0B2-C3A9-4D01-BE83-F26F2BA44C24}.Release|x86.ActiveCfg = Release|Win32
		{1030A0B2-C3A9-4D01-BE83-F26F2BA44C24}.Release|x86.Build.0 = Release|Win32
		{98B09A47-2E99-4CC7-8AE7-1BAD22F861A5}.Debug|ARM.ActiveCfg = Debug|Win32
		{98B09A47-2E99-4CC7-8AE7-1BAD22F861A5}.Debug|x64.ActiveCfg = Debug|x64
		{98B09A47-2E99-4CC7-8AE7-1BAD22F861A5}.Debug|x64.Build.0 = Debug|x64
		{98B09A47-2E99-4CC7-8AE7-1BAD22F861A5}.Debug|x86.ActiveCfg = Debug|Win32
		{98B09A47-2E99-4CC7-8AE7-1BAD22F861A5}.Debug|x86.Build.0 = Debug|Win32
		{98B09A47-2E99-4CC7-8AE7-1BAD22F861A5}.Release|ARM.ActiveCfg = Release|Win32
		{98B09A47-2E99-4CC7-8AE7-1BAD22F861A5}.Release|x64.ActiveCfg = Release|x64
		{98B09A47-2E99-4CC7-8AE7-1BAD22F861A5}.Release|x64.Build.0 = Release|x64
		{98B09A47-2E99-4CC7-8AE7-1BAD22F861A5}.Release|x86.ActiveCfg = Release|Win32
		{98B09A47-2E99-4CC7-8AE7-1BAD22F861A5}.Release|x86.Build.0 = Release|Win32
		{D0397DFC-578D-4DD0-9F18-BFC36920C596}.Debug|ARM.ActiveCfg = Debug|Win32
		{D0397DFC-578D-4DD0-9F18-BFC36920C596}.Debug|x64.ActiveCfg = Debug|x64
		{D0397DFC-578D-4DD0-9F18-BFC36920C596}.Debug|x64.Build.0 = Debug|x64
		{D0397DFC-578D-4DD0-9F18-BFC36920C596}.Debug|x86.ActiveCfg = Debug|Win32
		{D0397DFC-578D-4DD0-9F18-BFC36920C596}.Debug|x86.Build.0 = Debug|Win32
		{D0397DFC-578D-4DD0-9F18-BFC36920C596}.Release|ARM.ActiveCfg = Release|Win32
		{D0397DFC-578D-4DD0-9F18-BFC36920C596}.Release|x64.ActiveCfg = Release|x64
		{D0397DFC-578D-4DD0-9F18-BFC36920C596}.Release|x64.Build.0 = Release|x64
		{D0397DFC-578D-4DD0-9F18-BFC36920C596}.Release|x86.ActiveCfg = Release|Win32
		{D0397DFC-578D-4DD0-9F18-BFC36920C596}.Release|x86.Build.0 = Release|Win32
		{A97B337B-87AF-45EF-A600-3949CDBBE5DB}.Debug|ARM.ActiveCfg = Debug|Win32
		{A97B337B-87AF-45EF-A600-3949CDBBE5DB}.Debug|x64.ActiveCfg = Debug|x64
		{A97B337B-87AF-45EF-A600-3949CDBBE5DB}.Debug|x64.Build.0 = Debug|x64
		{A97B337B-87AF-45EF-A600-3949CDBBE5DB}.Debug|x86.ActiveCfg = Debug|Win32
		{A97B337B-87AF-45EF-A600-3949CDBBE5DB}.Debug|x86.Build.0 = Debug|Win32
		{A97B337B-87AF-45EF-A600-3949CDBBE5DB}.Release|ARM.ActiveCfg = Release|Win32
		{A97B337B-87AF-45EF-A600-3949CDBBE5DB}.Release|x64.ActiveCfg = Release|x64
		{A97B337B-87AF-45EF-A600-3949CDBBE5DB}.Release|x64.Build.0 = Release|x64
		{A97B337B-87AF-45EF-A600-3949CDBBE5DB}.Release|x86.ActiveCfg = Release|Win32
		{A97B337B-87AF-45EF-A600-3949CDBBE5DB}.Release|x86.Build.0 = Release|Win32
		{4488E276-A794-45C7-B7E6-2E30076BDDD0}.Debug|ARM.ActiveCfg = Debug|Win32
		{4488E276-A794-45C7-B7E6-2E30076BDDD0}.Debug|x64.ActiveCfg = Debug|x64
		{4488E276-A794-45C7-B7E6-2E30076BDDD0}.Debug|x64.Build.0 = Debug|x64
		{4488E276-A794-45C7-B7E6-2E30076BDDD0}.Debug|x86.ActiveCfg = Debug|Win32
		{4488E276-A794-45C7-B7E6-2E30076BDDD0}.Debug|x86.Build.0 = Debug|Win32
		{4488E276-A794-45C7-B7E6-2E30076BDDD0}.Release|ARM.ActiveCfg = Release|Win32
		{4488E276-A794-45C7-B7E6-2E30076BDDD0}.Release|x64.ActiveCfg = Release|x64
		{4488E276-A794-45C7-B7E6-2E30076BDDD0}.Release|x64.Build.0 = Release|x64
		{4488E276-A794-45C7-B7E6-2E30076BDDD0}.Release|x86.ActiveCfg = Release|Win32
		{4488E276-A794-45C7-B7E6-2E30076BDDD0}.Release|x86.Build.0 = Release|Win32
	EndGlobalSection
	GlobalSection(SolutionProperties) = preSolution
		HideSolutionNode = FALSE
	EndGlobalSection
EndGlobal
